
Microsoft Visual Studio Solution File, Format Version 12.00
# Visual Studio Version 16
VisualStudioVersion = 16.0.32106.194
MinimumVisualStudioVersion = 10.0.40219.1
Project("{FAE04EC0-301F-11D3-BF4B-00C04F79EFBC}") = "PizzaStore_v1", "PizzaStore_v1\PizzaStore_v1.csproj", "{8829FA69-152D-4666-827F-393E555D93A0}"
EndProject
Global
	GlobalSection(SolutionConfigurationPlatforms) = preSolution
		Debug|Any CPU = Debug|Any CPU
		Release|Any CPU = Release|Any CPU
	EndGlobalSection
	GlobalSection(ProjectConfigurationPlatforms) = postSolution
		{8829FA69-152D-4666-827F-393E555D93A0}.Debug|Any CPU.ActiveCfg = Debug|Any CPU
		{8829FA69-152D-4666-827F-393E555D93A0}.Debug|Any CPU.Build.0 = Debug|Any CPU
		{8829FA69-152D-4666-827F-393E555D93A0}.Release|Any CPU.ActiveCfg = Release|Any CPU
		{8829FA69-152D-4666-827F-393E555D93A0}.Release|Any CPU.Build.0 = Release|Any CPU
	EndGlobalSection
	GlobalSection(SolutionProperties) = preSolution
		HideSolutionNode = FALSE
	EndGlobalSection
	GlobalSection(ExtensibilityGlobals) = postSolution
		SolutionGuid = {683D08D7-C70C-44E0-8BFB-692D258A035F}
	EndGlobalSection
EndGlobal
